
Microsoft Visual Studio Solution File, Format Version 12.00
# Visual Studio Version 17
VisualStudioVersion = 17.7.34031.279
MinimumVisualStudioVersion = 10.0.40219.1
Project("{FAE04EC0-301F-11D3-BF4B-00C04F79EFBC}") = "GreenThumb", "GreenThumb\GreenThumb.csproj", "{58DFCC10-232B-4F8C-B203-300AA18C33D2}"
EndProject
Global
	GlobalSection(SolutionConfigurationPlatforms) = preSolution
		Debug|Any CPU = Debug|Any CPU
		Release|Any CPU = Release|Any CPU
	EndGlobalSection
	GlobalSection(ProjectConfigurationPlatforms) = postSolution
		{58DFCC10-232B-4F8C-B203-300AA18C33D2}.Debug|Any CPU.ActiveCfg = Debug|Any CPU
		{58DFCC10-232B-4F8C-B203-300AA18C33D2}.Debug|Any CPU.Build.0 = Debug|Any CPU
		{58DFCC10-232B-4F8C-B203-300AA18C33D2}.Release|Any CPU.ActiveCfg = Release|Any CPU
		{58DFCC10-232B-4F8C-B203-300AA18C33D2}.Release|Any CPU.Build.0 = Release|Any CPU
	EndGlobalSection
	GlobalSection(SolutionProperties) = preSolution
		HideSolutionNode = FALSE
	EndGlobalSection
	GlobalSection(ExtensibilityGlobals) = postSolution
		SolutionGuid = {5DD942EB-504B-4BBF-8ECC-68222C49DF09}
	EndGlobalSection
EndGlobal
